
Microsoft Visual Studio Solution File, Format Version 12.00
# Visual Studio 15
VisualStudioVersion = 15.0.28307.329
MinimumVisualStudioVersion = 10.0.40219.1
Project("{FAE04EC0-301F-11D3-BF4B-00C04F79EFBC}") = "Yamed", "Yamed\Yamed.csproj", "{B8B23190-4F9F-41F2-A953-761A48F628EA}"
EndProject
Project("{FAE04EC0-301F-11D3-BF4B-00C04F79EFBC}") = "Yamed.Icons", "Yamed.Icons\Yamed.Icons.csproj", "{35D4F927-361D-4E76-9569-B5E4DC1F4880}"
EndProject
Project("{FAE04EC0-301F-11D3-BF4B-00C04F79EFBC}") = "Yamed.Core", "Yamed.Core\Yamed.Core.csproj", "{450C1E64-A006-4F55-9990-6DC8064C504D}"
EndProject
Project("{FAE04EC0-301F-11D3-BF4B-00C04F79EFBC}") = "Yamed.Registry", "Yamed.Registry\Yamed.Registry.csproj", "{43495E2F-CD0D-4A6A-87F7-67EC88374811}"
EndProject
Project("{FAE04EC0-301F-11D3-BF4B-00C04F79EFBC}") = "Yamed.Pattern", "Yamed.Pattern\Yamed.Pattern.csproj", "{83D21B90-832E-4989-B465-ED0D6BF5AF1A}"
EndProject
Project("{FAE04EC0-301F-11D3-BF4B-00C04F79EFBC}") = "Yamed.Ambulatory", "Yamed.Ambulatory\Yamed.Ambulatory.csproj", "{21BD3681-F35C-464A-A982-298B539C3521}"
EndProject
Project("{FAE04EC0-301F-11D3-BF4B-00C04F79EFBC}") = "Yamed.Control", "Yamed.Control\Yamed.Control.csproj", "{55AF80CB-3938-4C66-A9BA-EDB16592F00E}"
EndProject
Project("{FAE04EC0-301F-11D3-BF4B-00C04F79EFBC}") = "Yamed.Server", "Yamed.Server\Yamed.Server.csproj", "{A389BE52-C439-4F66-BC27-9A8C4CDA0CEC}"
EndProject
Project("{FAE04EC0-301F-11D3-BF4B-00C04F79EFBC}") = "Yamed.Entity", "Yamed.Entity\Yamed.Entity.csproj", "{D9EBDA68-8B9B-4805-B4B9-4C073EBA0707}"
EndProject
Project("{FAE04EC0-301F-11D3-BF4B-00C04F79EFBC}") = "Yamed.Emr", "Yamed.Emr\Yamed.Emr.csproj", "{A8F3DDF7-2B43-4731-AE6C-F549A1FCDC26}"
EndProject
Project("{FAE04EC0-301F-11D3-BF4B-00C04F79EFBC}") = "Yamed.Oms", "Yamed.Oms\Yamed.Oms.csproj", "{10917F2C-7052-40E1-884B-CF0046A334A2}"
EndProject
Project("{FAE04EC0-301F-11D3-BF4B-00C04F79EFBC}") = "Yamed.Hospital", "Yamed.Hospital\Yamed.Hospital.csproj", "{83DFF6F8-FEB8-46EE-B6A2-8673227DF562}"
EndProject
Project("{FAE04EC0-301F-11D3-BF4B-00C04F79EFBC}") = "Update", "Update\Update.csproj", "{4B48DB9F-636C-4C22-B81C-EE0847747559}"
EndProject
Project("{FAE04EC0-301F-11D3-BF4B-00C04F79EFBC}") = "MaterialMenu", "MaterialMenu\MaterialMenu.csproj", "{DC810FBA-1DC9-429F-A247-35075EA49648}"
EndProject
Project("{FAE04EC0-301F-11D3-BF4B-00C04F79EFBC}") = "TestApp", "TestApp\TestApp.csproj", "{C7778E86-15ED-4EB5-B7D4-7D4D0E577BFB}"
EndProject
Project("{FAE04EC0-301F-11D3-BF4B-00C04F79EFBC}") = "WebUI", "WebUI\WebUI.csproj", "{6E45B4FE-F5E0-4354-ABB9-8A63DAF225C5}"
EndProject
Project("{FAE04EC0-301F-11D3-BF4B-00C04F79EFBC}") = "Yamed.Settings", "Yamed.Settings\Yamed.Settings.csproj", "{AF9B9B31-8147-44DA-BA3A-7E1A008871A5}"
EndProject
Project("{FAE04EC0-301F-11D3-BF4B-00C04F79EFBC}") = "Yamed.OmsExp", "Yamed.OmsExp\Yamed.OmsExp.csproj", "{4E83E595-9166-44EE-BBB0-87B5A64C2F62}"
EndProject
Project("{FAE04EC0-301F-11D3-BF4B-00C04F79EFBC}") = "Yamed.Reports", "Yamed.Report\Yamed.Reports.csproj", "{CAEA4890-0018-496B-98B4-37CBFD169075}"
EndProject
Project("{FAE04EC0-301F-11D3-BF4B-00C04F79EFBC}") = "DotPoint", "DotPoint\DotPoint.csproj", "{635D2386-6D01-4F30-8B1D-F51153A7AA66}"
EndProject
Global
	GlobalSection(SolutionConfigurationPlatforms) = preSolution
		Debug|Any CPU = Debug|Any CPU
		Debug35|Any CPU = Debug35|Any CPU
		R46|Any CPU = R46|Any CPU
		Release|Any CPU = Release|Any CPU
		Release35|Any CPU = Release35|Any CPU
		Release40|Any CPU = Release40|Any CPU
		Release45|Any CPU = Release45|Any CPU
		Release451|Any CPU = Release451|Any CPU
		Release452|Any CPU = Release452|Any CPU
	EndGlobalSection
	GlobalSection(ProjectConfigurationPlatforms) = postSolution
		{B8B23190-4F9F-41F2-A953-761A48F628EA}.Debug|Any CPU.ActiveCfg = Debug|Any CPU
		{B8B23190-4F9F-41F2-A953-761A48F628EA}.Debug|Any CPU.Build.0 = Debug|Any CPU
		{B8B23190-4F9F-41F2-A953-761A48F628EA}.Debug35|Any CPU.ActiveCfg = Debug|Any CPU
		{B8B23190-4F9F-41F2-A953-761A48F628EA}.Debug35|Any CPU.Build.0 = Debug|Any CPU
		{B8B23190-4F9F-41F2-A953-761A48F628EA}.R46|Any CPU.ActiveCfg = Release|Any CPU
		{B8B23190-4F9F-41F2-A953-761A48F628EA}.R46|Any CPU.Build.0 = Release|Any CPU
		{B8B23190-4F9F-41F2-A953-761A48F628EA}.Release|Any CPU.ActiveCfg = Release|Any CPU
		{B8B23190-4F9F-41F2-A953-761A48F628EA}.Release|Any CPU.Build.0 = Release|Any CPU
		{B8B23190-4F9F-41F2-A953-761A48F628EA}.Release35|Any CPU.ActiveCfg = Release|Any CPU
		{B8B23190-4F9F-41F2-A953-761A48F628EA}.Release35|Any CPU.Build.0 = Release|Any CPU
		{B8B23190-4F9F-41F2-A953-761A48F628EA}.Release40|Any CPU.ActiveCfg = Release|Any CPU
		{B8B23190-4F9F-41F2-A953-761A48F628EA}.Release40|Any CPU.Build.0 = Release|Any CPU
		{B8B23190-4F9F-41F2-A953-761A48F628EA}.Release45|Any CPU.ActiveCfg = Release|Any CPU
		{B8B23190-4F9F-41F2-A953-761A48F628EA}.Release45|Any CPU.Build.0 = Release|Any CPU
		{B8B23190-4F9F-41F2-A953-761A48F628EA}.Release451|Any CPU.ActiveCfg = Release|Any CPU
		{B8B23190-4F9F-41F2-A953-761A48F628EA}.Release451|Any CPU.Build.0 = Release|Any CPU
		{B8B23190-4F9F-41F2-A953-761A48F628EA}.Release452|Any CPU.ActiveCfg = Release|Any CPU
		{B8B23190-4F9F-41F2-A953-761A48F628EA}.Release452|Any CPU.Build.0 = Release|Any CPU
		{35D4F927-361D-4E76-9569-B5E4DC1F4880}.Debug|Any CPU.ActiveCfg = Debug|Any CPU
		{35D4F927-361D-4E76-9569-B5E4DC1F4880}.Debug|Any CPU.Build.0 = Debug|Any CPU
		{35D4F927-361D-4E76-9569-B5E4DC1F4880}.Debug35|Any CPU.ActiveCfg = Debug|Any CPU
		{35D4F927-361D-4E76-9569-B5E4DC1F4880}.Debug35|Any CPU.Build.0 = Debug|Any CPU
		{35D4F927-361D-4E76-9569-B5E4DC1F4880}.R46|Any CPU.ActiveCfg = Release|Any CPU
		{35D4F927-361D-4E76-9569-B5E4DC1F4880}.R46|Any CPU.Build.0 = Release|Any CPU
		{35D4F927-361D-4E76-9569-B5E4DC1F4880}.Release|Any CPU.ActiveCfg = Release|Any CPU
		{35D4F927-361D-4E76-9569-B5E4DC1F4880}.Release|Any CPU.Build.0 = Release|Any CPU
		{35D4F927-361D-4E76-9569-B5E4DC1F4880}.Release35|Any CPU.ActiveCfg = Release|Any CPU
		{35D4F927-361D-4E76-9569-B5E4DC1F4880}.Release35|Any CPU.Build.0 = Release|Any CPU
		{35D4F927-361D-4E76-9569-B5E4DC1F4880}.Release40|Any CPU.ActiveCfg = Release|Any CPU
		{35D4F927-361D-4E76-9569-B5E4DC1F4880}.Release40|Any CPU.Build.0 = Release|Any CPU
		{35D4F927-361D-4E76-9569-B5E4DC1F4880}.Release45|Any CPU.ActiveCfg = Release|Any CPU
		{35D4F927-361D-4E76-9569-B5E4DC1F4880}.Release45|Any CPU.Build.0 = Release|Any CPU
		{35D4F927-361D-4E76-9569-B5E4DC1F4880}.Release451|Any CPU.ActiveCfg = Release|Any CPU
		{35D4F927-361D-4E76-9569-B5E4DC1F4880}.Release451|Any CPU.Build.0 = Release|Any CPU
		{35D4F927-361D-4E76-9569-B5E4DC1F4880}.Release452|Any CPU.ActiveCfg = Release|Any CPU
		{35D4F927-361D-4E76-9569-B5E4DC1F4880}.Release452|Any CPU.Build.0 = Release|Any CPU
		{450C1E64-A006-4F55-9990-6DC8064C504D}.Debug|Any CPU.ActiveCfg = Debug|Any CPU
		{450C1E64-A006-4F55-9990-6DC8064C504D}.Debug|Any CPU.Build.0 = Debug|Any CPU
		{450C1E64-A006-4F55-9990-6DC8064C504D}.Debug35|Any CPU.ActiveCfg = Debug|Any CPU
		{450C1E64-A006-4F55-9990-6DC8064C504D}.Debug35|Any CPU.Build.0 = Debug|Any CPU
		{450C1E64-A006-4F55-9990-6DC8064C504D}.R46|Any CPU.ActiveCfg = Release|Any CPU
		{450C1E64-A006-4F55-9990-6DC8064C504D}.R46|Any CPU.Build.0 = Release|Any CPU
		{450C1E64-A006-4F55-9990-6DC8064C504D}.Release|Any CPU.ActiveCfg = Release|Any CPU
		{450C1E64-A006-4F55-9990-6DC8064C504D}.Release|Any CPU.Build.0 = Release|Any CPU
		{450C1E64-A006-4F55-9990-6DC8064C504D}.Release35|Any CPU.ActiveCfg = Release|Any CPU
		{450C1E64-A006-4F55-9990-6DC8064C504D}.Release35|Any CPU.Build.0 = Release|Any CPU
		{450C1E64-A006-4F55-9990-6DC8064C504D}.Release40|Any CPU.ActiveCfg = Release|Any CPU
		{450C1E64-A006-4F55-9990-6DC8064C504D}.Release40|Any CPU.Build.0 = Release|Any CPU
		{450C1E64-A006-4F55-9990-6DC8064C504D}.Release45|Any CPU.ActiveCfg = Release|Any CPU
		{450C1E64-A006-4F55-9990-6DC8064C504D}.Release45|Any CPU.Build.0 = Release|Any CPU
		{450C1E64-A006-4F55-9990-6DC8064C504D}.Release451|Any CPU.ActiveCfg = Release|Any CPU
		{450C1E64-A006-4F55-9990-6DC8064C504D}.Release451|Any CPU.Build.0 = Release|Any CPU
		{450C1E64-A006-4F55-9990-6DC8064C504D}.Release452|Any CPU.ActiveCfg = Release|Any CPU
		{450C1E64-A006-4F55-9990-6DC8064C504D}.Release452|Any CPU.Build.0 = Release|Any CPU
		{43495E2F-CD0D-4A6A-87F7-67EC88374811}.Debug|Any CPU.ActiveCfg = Debug|Any CPU
		{43495E2F-CD0D-4A6A-87F7-67EC88374811}.Debug|Any CPU.Build.0 = Debug|Any CPU
		{43495E2F-CD0D-4A6A-87F7-67EC88374811}.Debug35|Any CPU.ActiveCfg = Debug|Any CPU
		{43495E2F-CD0D-4A6A-87F7-67EC88374811}.Debug35|Any CPU.Build.0 = Debug|Any CPU
		{43495E2F-CD0D-4A6A-87F7-67EC88374811}.R46|Any CPU.ActiveCfg = Release|Any CPU
		{43495E2F-CD0D-4A6A-87F7-67EC88374811}.R46|Any CPU.Build.0 = Release|Any CPU
		{43495E2F-CD0D-4A6A-87F7-67EC88374811}.Release|Any CPU.ActiveCfg = Release|Any CPU
		{43495E2F-CD0D-4A6A-87F7-67EC88374811}.Release|Any CPU.Build.0 = Release|Any CPU
		{43495E2F-CD0D-4A6A-87F7-67EC88374811}.Release35|Any CPU.ActiveCfg = Release|Any CPU
		{43495E2F-CD0D-4A6A-87F7-67EC88374811}.Release35|Any CPU.Build.0 = Release|Any CPU
		{43495E2F-CD0D-4A6A-87F7-67EC88374811}.Release40|Any CPU.ActiveCfg = Release|Any CPU
		{43495E2F-CD0D-4A6A-87F7-67EC88374811}.Release40|Any CPU.Build.0 = Release|Any CPU
		{43495E2F-CD0D-4A6A-87F7-67EC88374811}.Release45|Any CPU.ActiveCfg = Release|Any CPU
		{43495E2F-CD0D-4A6A-87F7-67EC88374811}.Release45|Any CPU.Build.0 = Release|Any CPU
		{43495E2F-CD0D-4A6A-87F7-67EC88374811}.Release451|Any CPU.ActiveCfg = Release|Any CPU
		{43495E2F-CD0D-4A6A-87F7-67EC88374811}.Release451|Any CPU.Build.0 = Release|Any CPU
		{43495E2F-CD0D-4A6A-87F7-67EC88374811}.Release452|Any CPU.ActiveCfg = Release|Any CPU
		{43495E2F-CD0D-4A6A-87F7-67EC88374811}.Release452|Any CPU.Build.0 = Release|Any CPU
		{83D21B90-832E-4989-B465-ED0D6BF5AF1A}.Debug|Any CPU.ActiveCfg = Debug|Any CPU
		{83D21B90-832E-4989-B465-ED0D6BF5AF1A}.Debug|Any CPU.Build.0 = Debug|Any CPU
		{83D21B90-832E-4989-B465-ED0D6BF5AF1A}.Debug35|Any CPU.ActiveCfg = Debug|Any CPU
		{83D21B90-832E-4989-B465-ED0D6BF5AF1A}.Debug35|Any CPU.Build.0 = Debug|Any CPU
		{83D21B90-832E-4989-B465-ED0D6BF5AF1A}.R46|Any CPU.ActiveCfg = Release|Any CPU
		{83D21B90-832E-4989-B465-ED0D6BF5AF1A}.R46|Any CPU.Build.0 = Release|Any CPU
		{83D21B90-832E-4989-B465-ED0D6BF5AF1A}.Release|Any CPU.ActiveCfg = Release|Any CPU
		{83D21B90-832E-4989-B465-ED0D6BF5AF1A}.Release|Any CPU.Build.0 = Release|Any CPU
		{83D21B90-832E-4989-B465-ED0D6BF5AF1A}.Release35|Any CPU.ActiveCfg = Release|Any CPU
		{83D21B90-832E-4989-B465-ED0D6BF5AF1A}.Release35|Any CPU.Build.0 = Release|Any CPU
		{83D21B90-832E-4989-B465-ED0D6BF5AF1A}.Release40|Any CPU.ActiveCfg = Release|Any CPU
		{83D21B90-832E-4989-B465-ED0D6BF5AF1A}.Release40|Any CPU.Build.0 = Release|Any CPU
		{83D21B90-832E-4989-B465-ED0D6BF5AF1A}.Release45|Any CPU.ActiveCfg = Release|Any CPU
		{83D21B90-832E-4989-B465-ED0D6BF5AF1A}.Release45|Any CPU.Build.0 = Release|Any CPU
		{83D21B90-832E-4989-B465-ED0D6BF5AF1A}.Release451|Any CPU.ActiveCfg = Release|Any CPU
		{83D21B90-832E-4989-B465-ED0D6BF5AF1A}.Release451|Any CPU.Build.0 = Release|Any CPU
		{83D21B90-832E-4989-B465-ED0D6BF5AF1A}.Release452|Any CPU.ActiveCfg = Release|Any CPU
		{83D21B90-832E-4989-B465-ED0D6BF5AF1A}.Release452|Any CPU.Build.0 = Release|Any CPU
		{21BD3681-F35C-464A-A982-298B539C3521}.Debug|Any CPU.ActiveCfg = Debug|Any CPU
		{21BD3681-F35C-464A-A982-298B539C3521}.Debug|Any CPU.Build.0 = Debug|Any CPU
		{21BD3681-F35C-464A-A982-298B539C3521}.Debug35|Any CPU.ActiveCfg = Debug|Any CPU
		{21BD3681-F35C-464A-A982-298B539C3521}.Debug35|Any CPU.Build.0 = Debug|Any CPU
		{21BD3681-F35C-464A-A982-298B539C3521}.R46|Any CPU.ActiveCfg = Release|Any CPU
		{21BD3681-F35C-464A-A982-298B539C3521}.R46|Any CPU.Build.0 = Release|Any CPU
		{21BD3681-F35C-464A-A982-298B539C3521}.Release|Any CPU.ActiveCfg = Release|Any CPU
		{21BD3681-F35C-464A-A982-298B539C3521}.Release|Any CPU.Build.0 = Release|Any CPU
		{21BD3681-F35C-464A-A982-298B539C3521}.Release35|Any CPU.ActiveCfg = Release|Any CPU
		{21BD3681-F35C-464A-A982-298B539C3521}.Release35|Any CPU.Build.0 = Release|Any CPU
		{21BD3681-F35C-464A-A982-298B539C3521}.Release40|Any CPU.ActiveCfg = Release|Any CPU
		{21BD3681-F35C-464A-A982-298B539C3521}.Release40|Any CPU.Build.0 = Release|Any CPU
		{21BD3681-F35C-464A-A982-298B539C3521}.Release45|Any CPU.ActiveCfg = Release|Any CPU
		{21BD3681-F35C-464A-A982-298B539C3521}.Release45|Any CPU.Build.0 = Release|Any CPU
		{21BD3681-F35C-464A-A982-298B539C3521}.Release451|Any CPU.ActiveCfg = Release|Any CPU
		{21BD3681-F35C-464A-A982-298B539C3521}.Release451|Any CPU.Build.0 = Release|Any CPU
		{21BD3681-F35C-464A-A982-298B539C3521}.Release452|Any CPU.ActiveCfg = Release|Any CPU
		{21BD3681-F35C-464A-A982-298B539C3521}.Release452|Any CPU.Build.0 = Release|Any CPU
		{55AF80CB-3938-4C66-A9BA-EDB16592F00E}.Debug|Any CPU.ActiveCfg = Debug|Any CPU
		{55AF80CB-3938-4C66-A9BA-EDB16592F00E}.Debug|Any CPU.Build.0 = Debug|Any CPU
		{55AF80CB-3938-4C66-A9BA-EDB16592F00E}.Debug35|Any CPU.ActiveCfg = Debug|Any CPU
		{55AF80CB-3938-4C66-A9BA-EDB16592F00E}.Debug35|Any CPU.Build.0 = Debug|Any CPU
		{55AF80CB-3938-4C66-A9BA-EDB16592F00E}.R46|Any CPU.ActiveCfg = Release|Any CPU
		{55AF80CB-3938-4C66-A9BA-EDB16592F00E}.R46|Any CPU.Build.0 = Release|Any CPU
		{55AF80CB-3938-4C66-A9BA-EDB16592F00E}.Release|Any CPU.ActiveCfg = Release|Any CPU
		{55AF80CB-3938-4C66-A9BA-EDB16592F00E}.Release|Any CPU.Build.0 = Release|Any CPU
		{55AF80CB-3938-4C66-A9BA-EDB16592F00E}.Release35|Any CPU.ActiveCfg = Release|Any CPU
		{55AF80CB-3938-4C66-A9BA-EDB16592F00E}.Release35|Any CPU.Build.0 = Release|Any CPU
		{55AF80CB-3938-4C66-A9BA-EDB16592F00E}.Release40|Any CPU.ActiveCfg = Release|Any CPU
		{55AF80CB-3938-4C66-A9BA-EDB16592F00E}.Release40|Any CPU.Build.0 = Release|Any CPU
		{55AF80CB-3938-4C66-A9BA-EDB16592F00E}.Release45|Any CPU.ActiveCfg = Release|Any CPU
		{55AF80CB-3938-4C66-A9BA-EDB16592F00E}.Release45|Any CPU.Build.0 = Release|Any CPU
		{55AF80CB-3938-4C66-A9BA-EDB16592F00E}.Release451|Any CPU.ActiveCfg = Release|Any CPU
		{55AF80CB-3938-4C66-A9BA-EDB16592F00E}.Release451|Any CPU.Build.0 = Release|Any CPU
		{55AF80CB-3938-4C66-A9BA-EDB16592F00E}.Release452|Any CPU.ActiveCfg = Release|Any CPU
		{55AF80CB-3938-4C66-A9BA-EDB16592F00E}.Release452|Any CPU.Build.0 = Release|Any CPU
		{A389BE52-C439-4F66-BC27-9A8C4CDA0CEC}.Debug|Any CPU.ActiveCfg = Debug|Any CPU
		{A389BE52-C439-4F66-BC27-9A8C4CDA0CEC}.Debug|Any CPU.Build.0 = Debug|Any CPU
		{A389BE52-C439-4F66-BC27-9A8C4CDA0CEC}.Debug35|Any CPU.ActiveCfg = Debug|Any CPU
		{A389BE52-C439-4F66-BC27-9A8C4CDA0CEC}.Debug35|Any CPU.Build.0 = Debug|Any CPU
		{A389BE52-C439-4F66-BC27-9A8C4CDA0CEC}.R46|Any CPU.ActiveCfg = Release|Any CPU
		{A389BE52-C439-4F66-BC27-9A8C4CDA0CEC}.R46|Any CPU.Build.0 = Release|Any CPU
		{A389BE52-C439-4F66-BC27-9A8C4CDA0CEC}.Release|Any CPU.ActiveCfg = Release|Any CPU
		{A389BE52-C439-4F66-BC27-9A8C4CDA0CEC}.Release|Any CPU.Build.0 = Release|Any CPU
		{A389BE52-C439-4F66-BC27-9A8C4CDA0CEC}.Release35|Any CPU.ActiveCfg = Release|Any CPU
		{A389BE52-C439-4F66-BC27-9A8C4CDA0CEC}.Release35|Any CPU.Build.0 = Release|Any CPU
		{A389BE52-C439-4F66-BC27-9A8C4CDA0CEC}.Release40|Any CPU.ActiveCfg = Release|Any CPU
		{A389BE52-C439-4F66-BC27-9A8C4CDA0CEC}.Release40|Any CPU.Build.0 = Release|Any CPU
		{A389BE52-C439-4F66-BC27-9A8C4CDA0CEC}.Release45|Any CPU.ActiveCfg = Release|Any CPU
		{A389BE52-C439-4F66-BC27-9A8C4CDA0CEC}.Release45|Any CPU.Build.0 = Release|Any CPU
		{A389BE52-C439-4F66-BC27-9A8C4CDA0CEC}.Release451|Any CPU.ActiveCfg = Release|Any CPU
		{A389BE52-C439-4F66-BC27-9A8C4CDA0CEC}.Release451|Any CPU.Build.0 = Release|Any CPU
		{A389BE52-C439-4F66-BC27-9A8C4CDA0CEC}.Release452|Any CPU.ActiveCfg = Release|Any CPU
		{A389BE52-C439-4F66-BC27-9A8C4CDA0CEC}.Release452|Any CPU.Build.0 = Release|Any CPU
		{D9EBDA68-8B9B-4805-B4B9-4C073EBA0707}.Debug|Any CPU.ActiveCfg = Debug|Any CPU
		{D9EBDA68-8B9B-4805-B4B9-4C073EBA0707}.Debug|Any CPU.Build.0 = Debug|Any CPU
		{D9EBDA68-8B9B-4805-B4B9-4C073EBA0707}.Debug35|Any CPU.ActiveCfg = Debug|Any CPU
		{D9EBDA68-8B9B-4805-B4B9-4C073EBA0707}.Debug35|Any CPU.Build.0 = Debug|Any CPU
		{D9EBDA68-8B9B-4805-B4B9-4C073EBA0707}.R46|Any CPU.ActiveCfg = Release|Any CPU
		{D9EBDA68-8B9B-4805-B4B9-4C073EBA0707}.R46|Any CPU.Build.0 = Release|Any CPU
		{D9EBDA68-8B9B-4805-B4B9-4C073EBA0707}.Release|Any CPU.ActiveCfg = Release|Any CPU
		{D9EBDA68-8B9B-4805-B4B9-4C073EBA0707}.Release|Any CPU.Build.0 = Release|Any CPU
		{D9EBDA68-8B9B-4805-B4B9-4C073EBA0707}.Release35|Any CPU.ActiveCfg = Release|Any CPU
		{D9EBDA68-8B9B-4805-B4B9-4C073EBA0707}.Release35|Any CPU.Build.0 = Release|Any CPU
		{D9EBDA68-8B9B-4805-B4B9-4C073EBA0707}.Release40|Any CPU.ActiveCfg = Release|Any CPU
		{D9EBDA68-8B9B-4805-B4B9-4C073EBA0707}.Release40|Any CPU.Build.0 = Release|Any CPU
		{D9EBDA68-8B9B-4805-B4B9-4C073EBA0707}.Release45|Any CPU.ActiveCfg = Release|Any CPU
		{D9EBDA68-8B9B-4805-B4B9-4C073EBA0707}.Release45|Any CPU.Build.0 = Release|Any CPU
		{D9EBDA68-8B9B-4805-B4B9-4C073EBA0707}.Release451|Any CPU.ActiveCfg = Release|Any CPU
		{D9EBDA68-8B9B-4805-B4B9-4C073EBA0707}.Release451|Any CPU.Build.0 = Release|Any CPU
		{D9EBDA68-8B9B-4805-B4B9-4C073EBA0707}.Release452|Any CPU.ActiveCfg = Release|Any CPU
		{D9EBDA68-8B9B-4805-B4B9-4C073EBA0707}.Release452|Any CPU.Build.0 = Release|Any CPU
		{A8F3DDF7-2B43-4731-AE6C-F549A1FCDC26}.Debug|Any CPU.ActiveCfg = Debug|Any CPU
		{A8F3DDF7-2B43-4731-AE6C-F549A1FCDC26}.Debug|Any CPU.Build.0 = Debug|Any CPU
		{A8F3DDF7-2B43-4731-AE6C-F549A1FCDC26}.Debug35|Any CPU.ActiveCfg = Debug|Any CPU
		{A8F3DDF7-2B43-4731-AE6C-F549A1FCDC26}.Debug35|Any CPU.Build.0 = Debug|Any CPU
		{A8F3DDF7-2B43-4731-AE6C-F549A1FCDC26}.R46|Any CPU.ActiveCfg = Release|Any CPU
		{A8F3DDF7-2B43-4731-AE6C-F549A1FCDC26}.R46|Any CPU.Build.0 = Release|Any CPU
		{A8F3DDF7-2B43-4731-AE6C-F549A1FCDC26}.Release|Any CPU.ActiveCfg = Release|Any CPU
		{A8F3DDF7-2B43-4731-AE6C-F549A1FCDC26}.Release|Any CPU.Build.0 = Release|Any CPU
		{A8F3DDF7-2B43-4731-AE6C-F549A1FCDC26}.Release35|Any CPU.ActiveCfg = Release|Any CPU
		{A8F3DDF7-2B43-4731-AE6C-F549A1FCDC26}.Release35|Any CPU.Build.0 = Release|Any CPU
		{A8F3DDF7-2B43-4731-AE6C-F549A1FCDC26}.Release40|Any CPU.ActiveCfg = Release|Any CPU
		{A8F3DDF7-2B43-4731-AE6C-F549A1FCDC26}.Release40|Any CPU.Build.0 = Release|Any CPU
		{A8F3DDF7-2B43-4731-AE6C-F549A1FCDC26}.Release45|Any CPU.ActiveCfg = Release|Any CPU
		{A8F3DDF7-2B43-4731-AE6C-F549A1FCDC26}.Release45|Any CPU.Build.0 = Release|Any CPU
		{A8F3DDF7-2B43-4731-AE6C-F549A1FCDC26}.Release451|Any CPU.ActiveCfg = Release|Any CPU
		{A8F3DDF7-2B43-4731-AE6C-F549A1FCDC26}.Release451|Any CPU.Build.0 = Release|Any CPU
		{A8F3DDF7-2B43-4731-AE6C-F549A1FCDC26}.Release452|Any CPU.ActiveCfg = Release|Any CPU
		{A8F3DDF7-2B43-4731-AE6C-F549A1FCDC26}.Release452|Any CPU.Build.0 = Release|Any CPU
		{10917F2C-7052-40E1-884B-CF0046A334A2}.Debug|Any CPU.ActiveCfg = Debug|Any CPU
		{10917F2C-7052-40E1-884B-CF0046A334A2}.Debug|Any CPU.Build.0 = Debug|Any CPU
		{10917F2C-7052-40E1-884B-CF0046A334A2}.Debug35|Any CPU.ActiveCfg = Debug|Any CPU
		{10917F2C-7052-40E1-884B-CF0046A334A2}.Debug35|Any CPU.Build.0 = Debug|Any CPU
		{10917F2C-7052-40E1-884B-CF0046A334A2}.R46|Any CPU.ActiveCfg = Release|Any CPU
		{10917F2C-7052-40E1-884B-CF0046A334A2}.R46|Any CPU.Build.0 = Release|Any CPU
		{10917F2C-7052-40E1-884B-CF0046A334A2}.Release|Any CPU.ActiveCfg = Release|Any CPU
		{10917F2C-7052-40E1-884B-CF0046A334A2}.Release|Any CPU.Build.0 = Release|Any CPU
		{10917F2C-7052-40E1-884B-CF0046A334A2}.Release35|Any CPU.ActiveCfg = Release|Any CPU
		{10917F2C-7052-40E1-884B-CF0046A334A2}.Release35|Any CPU.Build.0 = Release|Any CPU
		{10917F2C-7052-40E1-884B-CF0046A334A2}.Release40|Any CPU.ActiveCfg = Release|Any CPU
		{10917F2C-7052-40E1-884B-CF0046A334A2}.Release40|Any CPU.Build.0 = Release|Any CPU
		{10917F2C-7052-40E1-884B-CF0046A334A2}.Release45|Any CPU.ActiveCfg = Release|Any CPU
		{10917F2C-7052-40E1-884B-CF0046A334A2}.Release45|Any CPU.Build.0 = Release|Any CPU
		{10917F2C-7052-40E1-884B-CF0046A334A2}.Release451|Any CPU.ActiveCfg = Release|Any CPU
		{10917F2C-7052-40E1-884B-CF0046A334A2}.Release451|Any CPU.Build.0 = Release|Any CPU
		{10917F2C-7052-40E1-884B-CF0046A334A2}.Release452|Any CPU.ActiveCfg = Release|Any CPU
		{10917F2C-7052-40E1-884B-CF0046A334A2}.Release452|Any CPU.Build.0 = Release|Any CPU
		{83DFF6F8-FEB8-46EE-B6A2-8673227DF562}.Debug|Any CPU.ActiveCfg = Debug|Any CPU
		{83DFF6F8-FEB8-46EE-B6A2-8673227DF562}.Debug|Any CPU.Build.0 = Debug|Any CPU
		{83DFF6F8-FEB8-46EE-B6A2-8673227DF562}.Debug35|Any CPU.ActiveCfg = Debug|Any CPU
		{83DFF6F8-FEB8-46EE-B6A2-8673227DF562}.Debug35|Any CPU.Build.0 = Debug|Any CPU
		{83DFF6F8-FEB8-46EE-B6A2-8673227DF562}.R46|Any CPU.ActiveCfg = Release|Any CPU
		{83DFF6F8-FEB8-46EE-B6A2-8673227DF562}.R46|Any CPU.Build.0 = Release|Any CPU
		{83DFF6F8-FEB8-46EE-B6A2-8673227DF562}.Release|Any CPU.ActiveCfg = Release|Any CPU
		{83DFF6F8-FEB8-46EE-B6A2-8673227DF562}.Release|Any CPU.Build.0 = Release|Any CPU
		{83DFF6F8-FEB8-46EE-B6A2-8673227DF562}.Release35|Any CPU.ActiveCfg = Release|Any CPU
		{83DFF6F8-FEB8-46EE-B6A2-8673227DF562}.Release35|Any CPU.Build.0 = Release|Any CPU
		{83DFF6F8-FEB8-46EE-B6A2-8673227DF562}.Release40|Any CPU.ActiveCfg = Release|Any CPU
		{83DFF6F8-FEB8-46EE-B6A2-8673227DF562}.Release40|Any CPU.Build.0 = Release|Any CPU
		{83DFF6F8-FEB8-46EE-B6A2-8673227DF562}.Release45|Any CPU.ActiveCfg = Release|Any CPU
		{83DFF6F8-FEB8-46EE-B6A2-8673227DF562}.Release45|Any CPU.Build.0 = Release|Any CPU
		{83DFF6F8-FEB8-46EE-B6A2-8673227DF562}.Release451|Any CPU.ActiveCfg = Release|Any CPU
		{83DFF6F8-FEB8-46EE-B6A2-8673227DF562}.Release451|Any CPU.Build.0 = Release|Any CPU
		{83DFF6F8-FEB8-46EE-B6A2-8673227DF562}.Release452|Any CPU.ActiveCfg = Release|Any CPU
		{83DFF6F8-FEB8-46EE-B6A2-8673227DF562}.Release452|Any CPU.Build.0 = Release|Any CPU
		{4B48DB9F-636C-4C22-B81C-EE0847747559}.Debug|Any CPU.ActiveCfg = Debug|Any CPU
		{4B48DB9F-636C-4C22-B81C-EE0847747559}.Debug|Any CPU.Build.0 = Debug|Any CPU
		{4B48DB9F-636C-4C22-B81C-EE0847747559}.Debug35|Any CPU.ActiveCfg = Debug|Any CPU
		{4B48DB9F-636C-4C22-B81C-EE0847747559}.Debug35|Any CPU.Build.0 = Debug|Any CPU
		{4B48DB9F-636C-4C22-B81C-EE0847747559}.R46|Any CPU.ActiveCfg = Release|Any CPU
		{4B48DB9F-636C-4C22-B81C-EE0847747559}.R46|Any CPU.Build.0 = Release|Any CPU
		{4B48DB9F-636C-4C22-B81C-EE0847747559}.Release|Any CPU.ActiveCfg = Release|Any CPU
		{4B48DB9F-636C-4C22-B81C-EE0847747559}.Release|Any CPU.Build.0 = Release|Any CPU
		{4B48DB9F-636C-4C22-B81C-EE0847747559}.Release35|Any CPU.ActiveCfg = Release|Any CPU
		{4B48DB9F-636C-4C22-B81C-EE0847747559}.Release35|Any CPU.Build.0 = Release|Any CPU
		{4B48DB9F-636C-4C22-B81C-EE0847747559}.Release40|Any CPU.ActiveCfg = Release|Any CPU
		{4B48DB9F-636C-4C22-B81C-EE0847747559}.Release40|Any CPU.Build.0 = Release|Any CPU
		{4B48DB9F-636C-4C22-B81C-EE0847747559}.Release45|Any CPU.ActiveCfg = Release|Any CPU
		{4B48DB9F-636C-4C22-B81C-EE0847747559}.Release45|Any CPU.Build.0 = Release|Any CPU
		{4B48DB9F-636C-4C22-B81C-EE0847747559}.Release451|Any CPU.ActiveCfg = Release|Any CPU
		{4B48DB9F-636C-4C22-B81C-EE0847747559}.Release451|Any CPU.Build.0 = Release|Any CPU
		{4B48DB9F-636C-4C22-B81C-EE0847747559}.Release452|Any CPU.ActiveCfg = Release|Any CPU
		{4B48DB9F-636C-4C22-B81C-EE0847747559}.Release452|Any CPU.Build.0 = Release|Any CPU
		{DC810FBA-1DC9-429F-A247-35075EA49648}.Debug|Any CPU.ActiveCfg = Debug|Any CPU
		{DC810FBA-1DC9-429F-A247-35075EA49648}.Debug|Any CPU.Build.0 = Debug|Any CPU
		{DC810FBA-1DC9-429F-A247-35075EA49648}.Debug35|Any CPU.ActiveCfg = Debug35|Any CPU
		{DC810FBA-1DC9-429F-A247-35075EA49648}.Debug35|Any CPU.Build.0 = Debug35|Any CPU
		{DC810FBA-1DC9-429F-A247-35075EA49648}.R46|Any CPU.ActiveCfg = R46|Any CPU
		{DC810FBA-1DC9-429F-A247-35075EA49648}.R46|Any CPU.Build.0 = R46|Any CPU
		{DC810FBA-1DC9-429F-A247-35075EA49648}.Release|Any CPU.ActiveCfg = Release|Any CPU
		{DC810FBA-1DC9-429F-A247-35075EA49648}.Release|Any CPU.Build.0 = Release|Any CPU
		{DC810FBA-1DC9-429F-A247-35075EA49648}.Release35|Any CPU.ActiveCfg = Release35|Any CPU
		{DC810FBA-1DC9-429F-A247-35075EA49648}.Release35|Any CPU.Build.0 = Release35|Any CPU
		{DC810FBA-1DC9-429F-A247-35075EA49648}.Release40|Any CPU.ActiveCfg = Release40|Any CPU
		{DC810FBA-1DC9-429F-A247-35075EA49648}.Release40|Any CPU.Build.0 = Release40|Any CPU
		{DC810FBA-1DC9-429F-A247-35075EA49648}.Release45|Any CPU.ActiveCfg = Release45|Any CPU
		{DC810FBA-1DC9-429F-A247-35075EA49648}.Release45|Any CPU.Build.0 = Release45|Any CPU
		{DC810FBA-1DC9-429F-A247-35075EA49648}.Release451|Any CPU.ActiveCfg = Release451|Any CPU
		{DC810FBA-1DC9-429F-A247-35075EA49648}.Release451|Any CPU.Build.0 = Release451|Any CPU
		{DC810FBA-1DC9-429F-A247-35075EA49648}.Release452|Any CPU.ActiveCfg = Release452|Any CPU
		{DC810FBA-1DC9-429F-A247-35075EA49648}.Release452|Any CPU.Build.0 = Release452|Any CPU
		{C7778E86-15ED-4EB5-B7D4-7D4D0E577BFB}.Debug|Any CPU.ActiveCfg = Debug|Any CPU
		{C7778E86-15ED-4EB5-B7D4-7D4D0E577BFB}.Debug|Any CPU.Build.0 = Debug|Any CPU
		{C7778E86-15ED-4EB5-B7D4-7D4D0E577BFB}.Debug35|Any CPU.ActiveCfg = Debug|Any CPU
		{C7778E86-15ED-4EB5-B7D4-7D4D0E577BFB}.Debug35|Any CPU.Build.0 = Debug|Any CPU
		{C7778E86-15ED-4EB5-B7D4-7D4D0E577BFB}.R46|Any CPU.ActiveCfg = Release|Any CPU
		{C7778E86-15ED-4EB5-B7D4-7D4D0E577BFB}.R46|Any CPU.Build.0 = Release|Any CPU
		{C7778E86-15ED-4EB5-B7D4-7D4D0E577BFB}.Release|Any CPU.ActiveCfg = Release|Any CPU
		{C7778E86-15ED-4EB5-B7D4-7D4D0E577BFB}.Release|Any CPU.Build.0 = Release|Any CPU
		{C7778E86-15ED-4EB5-B7D4-7D4D0E577BFB}.Release35|Any CPU.ActiveCfg = Release|Any CPU
		{C7778E86-15ED-4EB5-B7D4-7D4D0E577BFB}.Release35|Any CPU.Build.0 = Release|Any CPU
		{C7778E86-15ED-4EB5-B7D4-7D4D0E577BFB}.Release40|Any CPU.ActiveCfg = Release|Any CPU
		{C7778E86-15ED-4EB5-B7D4-7D4D0E577BFB}.Release40|Any CPU.Build.0 = Release|Any CPU
		{C7778E86-15ED-4EB5-B7D4-7D4D0E577BFB}.Release45|Any CPU.ActiveCfg = Release|Any CPU
		{C7778E86-15ED-4EB5-B7D4-7D4D0E577BFB}.Release45|Any CPU.Build.0 = Release|Any CPU
		{C7778E86-15ED-4EB5-B7D4-7D4D0E577BFB}.Release451|Any CPU.ActiveCfg = Release|Any CPU
		{C7778E86-15ED-4EB5-B7D4-7D4D0E577BFB}.Release451|Any CPU.Build.0 = Release|Any CPU
		{C7778E86-15ED-4EB5-B7D4-7D4D0E577BFB}.Release452|Any CPU.ActiveCfg = Release|Any CPU
		{C7778E86-15ED-4EB5-B7D4-7D4D0E577BFB}.Release452|Any CPU.Build.0 = Release|Any CPU
		{6E45B4FE-F5E0-4354-ABB9-8A63DAF225C5}.Debug|Any CPU.ActiveCfg = Debug|Any CPU
		{6E45B4FE-F5E0-4354-ABB9-8A63DAF225C5}.Debug|Any CPU.Build.0 = Debug|Any CPU
		{6E45B4FE-F5E0-4354-ABB9-8A63DAF225C5}.Debug35|Any CPU.ActiveCfg = Debug|Any CPU
		{6E45B4FE-F5E0-4354-ABB9-8A63DAF225C5}.Debug35|Any CPU.Build.0 = Debug|Any CPU
		{6E45B4FE-F5E0-4354-ABB9-8A63DAF225C5}.R46|Any CPU.ActiveCfg = Release|Any CPU
		{6E45B4FE-F5E0-4354-ABB9-8A63DAF225C5}.R46|Any CPU.Build.0 = Release|Any CPU
		{6E45B4FE-F5E0-4354-ABB9-8A63DAF225C5}.Release|Any CPU.ActiveCfg = Release|Any CPU
		{6E45B4FE-F5E0-4354-ABB9-8A63DAF225C5}.Release|Any CPU.Build.0 = Release|Any CPU
		{6E45B4FE-F5E0-4354-ABB9-8A63DAF225C5}.Release35|Any CPU.ActiveCfg = Release|Any CPU
		{6E45B4FE-F5E0-4354-ABB9-8A63DAF225C5}.Release35|Any CPU.Build.0 = Release|Any CPU
		{6E45B4FE-F5E0-4354-ABB9-8A63DAF225C5}.Release40|Any CPU.ActiveCfg = Release|Any CPU
		{6E45B4FE-F5E0-4354-ABB9-8A63DAF225C5}.Release40|Any CPU.Build.0 = Release|Any CPU
		{6E45B4FE-F5E0-4354-ABB9-8A63DAF225C5}.Release45|Any CPU.ActiveCfg = Release|Any CPU
		{6E45B4FE-F5E0-4354-ABB9-8A63DAF225C5}.Release45|Any CPU.Build.0 = Release|Any CPU
		{6E45B4FE-F5E0-4354-ABB9-8A63DAF225C5}.Release451|Any CPU.ActiveCfg = Release|Any CPU
		{6E45B4FE-F5E0-4354-ABB9-8A63DAF225C5}.Release451|Any CPU.Build.0 = Release|Any CPU
		{6E45B4FE-F5E0-4354-ABB9-8A63DAF225C5}.Release452|Any CPU.ActiveCfg = Release|Any CPU
		{6E45B4FE-F5E0-4354-ABB9-8A63DAF225C5}.Release452|Any CPU.Build.0 = Release|Any CPU
		{AF9B9B31-8147-44DA-BA3A-7E1A008871A5}.Debug|Any CPU.ActiveCfg = Debug|Any CPU
		{AF9B9B31-8147-44DA-BA3A-7E1A008871A5}.Debug|Any CPU.Build.0 = Debug|Any CPU
		{AF9B9B31-8147-44DA-BA3A-7E1A008871A5}.Debug35|Any CPU.ActiveCfg = Debug|Any CPU
		{AF9B9B31-8147-44DA-BA3A-7E1A008871A5}.Debug35|Any CPU.Build.0 = Debug|Any CPU
		{AF9B9B31-8147-44DA-BA3A-7E1A008871A5}.R46|Any CPU.ActiveCfg = Release|Any CPU
		{AF9B9B31-8147-44DA-BA3A-7E1A008871A5}.R46|Any CPU.Build.0 = Release|Any CPU
		{AF9B9B31-8147-44DA-BA3A-7E1A008871A5}.Release|Any CPU.ActiveCfg = Release|Any CPU
		{AF9B9B31-8147-44DA-BA3A-7E1A008871A5}.Release|Any CPU.Build.0 = Release|Any CPU
		{AF9B9B31-8147-44DA-BA3A-7E1A008871A5}.Release35|Any CPU.ActiveCfg = Release|Any CPU
		{AF9B9B31-8147-44DA-BA3A-7E1A008871A5}.Release35|Any CPU.Build.0 = Release|Any CPU
		{AF9B9B31-8147-44DA-BA3A-7E1A008871A5}.Release40|Any CPU.ActiveCfg = Release|Any CPU
		{AF9B9B31-8147-44DA-BA3A-7E1A008871A5}.Release40|Any CPU.Build.0 = Release|Any CPU
		{AF9B9B31-8147-44DA-BA3A-7E1A008871A5}.Release45|Any CPU.ActiveCfg = Release|Any CPU
		{AF9B9B31-8147-44DA-BA3A-7E1A008871A5}.Release45|Any CPU.Build.0 = Release|Any CPU
		{AF9B9B31-8147-44DA-BA3A-7E1A008871A5}.Release451|Any CPU.ActiveCfg = Release|Any CPU
		{AF9B9B31-8147-44DA-BA3A-7E1A008871A5}.Release451|Any CPU.Build.0 = Release|Any CPU
		{AF9B9B31-8147-44DA-BA3A-7E1A008871A5}.Release452|Any CPU.ActiveCfg = Release|Any CPU
		{AF9B9B31-8147-44DA-BA3A-7E1A008871A5}.Release452|Any CPU.Build.0 = Release|Any CPU
		{4E83E595-9166-44EE-BBB0-87B5A64C2F62}.Debug|Any CPU.ActiveCfg = Debug|Any CPU
		{4E83E595-9166-44EE-BBB0-87B5A64C2F62}.Debug|Any CPU.Build.0 = Debug|Any CPU
		{4E83E595-9166-44EE-BBB0-87B5A64C2F62}.Debug35|Any CPU.ActiveCfg = Debug|Any CPU
		{4E83E595-9166-44EE-BBB0-87B5A64C2F62}.Debug35|Any CPU.Build.0 = Debug|Any CPU
		{4E83E595-9166-44EE-BBB0-87B5A64C2F62}.R46|Any CPU.ActiveCfg = Release|Any CPU
		{4E83E595-9166-44EE-BBB0-87B5A64C2F62}.R46|Any CPU.Build.0 = Release|Any CPU
		{4E83E595-9166-44EE-BBB0-87B5A64C2F62}.Release|Any CPU.ActiveCfg = Release|Any CPU
		{4E83E595-9166-44EE-BBB0-87B5A64C2F62}.Release|Any CPU.Build.0 = Release|Any CPU
		{4E83E595-9166-44EE-BBB0-87B5A64C2F62}.Release35|Any CPU.ActiveCfg = Release|Any CPU
		{4E83E595-9166-44EE-BBB0-87B5A64C2F62}.Release35|Any CPU.Build.0 = Release|Any CPU
		{4E83E595-9166-44EE-BBB0-87B5A64C2F62}.Release40|Any CPU.ActiveCfg = Release|Any CPU
		{4E83E595-9166-44EE-BBB0-87B5A64C2F62}.Release40|Any CPU.Build.0 = Release|Any CPU
		{4E83E595-9166-44EE-BBB0-87B5A64C2F62}.Release45|Any CPU.ActiveCfg = Release|Any CPU
		{4E83E595-9166-44EE-BBB0-87B5A64C2F62}.Release45|Any CPU.Build.0 = Release|Any CPU
		{4E83E595-9166-44EE-BBB0-87B5A64C2F62}.Release451|Any CPU.ActiveCfg = Release|Any CPU
		{4E83E595-9166-44EE-BBB0-87B5A64C2F62}.Release451|Any CPU.Build.0 = Release|Any CPU
		{4E83E595-9166-44EE-BBB0-87B5A64C2F62}.Release452|Any CPU.ActiveCfg = Release|Any CPU
		{4E83E595-9166-44EE-BBB0-87B5A64C2F62}.Release452|Any CPU.Build.0 = Release|Any CPU
		{CAEA4890-0018-496B-98B4-37CBFD169075}.Debug|Any CPU.ActiveCfg = Debug|Any CPU
		{CAEA4890-0018-496B-98B4-37CBFD169075}.Debug|Any CPU.Build.0 = Debug|Any CPU
		{CAEA4890-0018-496B-98B4-37CBFD169075}.Debug35|Any CPU.ActiveCfg = Debug|Any CPU
		{CAEA4890-0018-496B-98B4-37CBFD169075}.Debug35|Any CPU.Build.0 = Debug|Any CPU
		{CAEA4890-0018-496B-98B4-37CBFD169075}.R46|Any CPU.ActiveCfg = Release|Any CPU
		{CAEA4890-0018-496B-98B4-37CBFD169075}.R46|Any CPU.Build.0 = Release|Any CPU
		{CAEA4890-0018-496B-98B4-37CBFD169075}.Release|Any CPU.ActiveCfg = Release|Any CPU
		{CAEA4890-0018-496B-98B4-37CBFD169075}.Release|Any CPU.Build.0 = Release|Any CPU
		{CAEA4890-0018-496B-98B4-37CBFD169075}.Release35|Any CPU.ActiveCfg = Release|Any CPU
		{CAEA4890-0018-496B-98B4-37CBFD169075}.Release35|Any CPU.Build.0 = Release|Any CPU
		{CAEA4890-0018-496B-98B4-37CBFD169075}.Release40|Any CPU.ActiveCfg = Release|Any CPU
		{CAEA4890-0018-496B-98B4-37CBFD169075}.Release40|Any CPU.Build.0 = Release|Any CPU
		{CAEA4890-0018-496B-98B4-37CBFD169075}.Release45|Any CPU.ActiveCfg = Release|Any CPU
		{CAEA4890-0018-496B-98B4-37CBFD169075}.Release45|Any CPU.Build.0 = Release|Any CPU
		{CAEA4890-0018-496B-98B4-37CBFD169075}.Release451|Any CPU.ActiveCfg = Release|Any CPU
		{CAEA4890-0018-496B-98B4-37CBFD169075}.Release451|Any CPU.Build.0 = Release|Any CPU
		{CAEA4890-0018-496B-98B4-37CBFD169075}.Release452|Any CPU.ActiveCfg = Release|Any CPU
		{CAEA4890-0018-496B-98B4-37CBFD169075}.Release452|Any CPU.Build.0 = Release|Any CPU
		{635D2386-6D01-4F30-8B1D-F51153A7AA66}.Debug|Any CPU.ActiveCfg = Debug|Any CPU
		{635D2386-6D01-4F30-8B1D-F51153A7AA66}.Debug|Any CPU.Build.0 = Debug|Any CPU
		{635D2386-6D01-4F30-8B1D-F51153A7AA66}.Debug35|Any CPU.ActiveCfg = Debug|Any CPU
		{635D2386-6D01-4F30-8B1D-F51153A7AA66}.Debug35|Any CPU.Build.0 = Debug|Any CPU
		{635D2386-6D01-4F30-8B1D-F51153A7AA66}.R46|Any CPU.ActiveCfg = Release|Any CPU
		{635D2386-6D01-4F30-8B1D-F51153A7AA66}.R46|Any CPU.Build.0 = Release|Any CPU
		{635D2386-6D01-4F30-8B1D-F51153A7AA66}.Release|Any CPU.ActiveCfg = Release|Any CPU
		{635D2386-6D01-4F30-8B1D-F51153A7AA66}.Release|Any CPU.Build.0 = Release|Any CPU
		{635D2386-6D01-4F30-8B1D-F51153A7AA66}.Release35|Any CPU.ActiveCfg = Release|Any CPU
		{635D2386-6D01-4F30-8B1D-F51153A7AA66}.Release35|Any CPU.Build.0 = Release|Any CPU
		{635D2386-6D01-4F30-8B1D-F51153A7AA66}.Release40|Any CPU.ActiveCfg = Release|Any CPU
		{635D2386-6D01-4F30-8B1D-F51153A7AA66}.Release40|Any CPU.Build.0 = Release|Any CPU
		{635D2386-6D01-4F30-8B1D-F51153A7AA66}.Release45|Any CPU.ActiveCfg = Release|Any CPU
		{635D2386-6D01-4F30-8B1D-F51153A7AA66}.Release45|Any CPU.Build.0 = Release|Any CPU
		{635D2386-6D01-4F30-8B1D-F51153A7AA66}.Release451|Any CPU.ActiveCfg = Release|Any CPU
		{635D2386-6D01-4F30-8B1D-F51153A7AA66}.Release451|Any CPU.Build.0 = Release|Any CPU
		{635D2386-6D01-4F30-8B1D-F51153A7AA66}.Release452|Any CPU.ActiveCfg = Release|Any CPU
		{635D2386-6D01-4F30-8B1D-F51153A7AA66}.Release452|Any CPU.Build.0 = Release|Any CPU
	EndGlobalSection
	GlobalSection(SolutionProperties) = preSolution
		HideSolutionNode = FALSE
	EndGlobalSection
	GlobalSection(ExtensibilityGlobals) = postSolution
		SolutionGuid = {47A087FE-7D97-48A7-85D0-A59168680D0A}
	EndGlobalSection
EndGlobal
